# Pinned dependency versions for production deployment
# Generated: 2026-03-16
# Updated: 2026-05-07 (WS-1 P0-1: CVE patches across 9 packages — 50 OSV findings -> 0)
# Reconciled: 2026-05-29 (WS-1 <- main merge): kept WS-1 CVE pins; bumped numpy-2.x
#   cascade (numpy/pandas/scipy/matplotlib/contourpy/pyarrow) to the WS-2/WS-4 line,
#   validated by the full suite on the installed env. NOTE: not hash-pinned — a
#   pip-compile --generate-hashes regen should run in CI to restore hashes.
# Usage: pip install -r requirements.lock
# This file contains exact versions to ensure reproducible builds

# Core Framework
python-dotenv==1.2.2          # was 1.0.1 — GHSA-mf9w-mj56-hr94 symlink follow
streamlit==1.57.0             # was 1.43.2 — GHSA-7p48-42j8-8846 SSRF/NTLM
pydantic==2.13.4             # was 2.7.1 — aligned to WS-3 / tested env (CVE-clean)
pydantic-settings==2.12.0    # was 2.3.0 — required by pydantic 2.13.x

# LLM & Embeddings (served by Docker Model Runner)
ollama==0.3.3

# Document Processing
PyMuPDF==1.25.3
python-docx==1.1.0

# Excel Processing
openpyxl==3.1.2
pandas==2.3.3                 # numpy-2.x line (WS-2/WS-4 reconciliation)
xlrd==2.0.1
tabulate==0.9.0

# Financial Analysis
numpy==2.4.2                  # numpy 2.x (WS-2/WS-4); validated by full suite

# Machine Learning (classifiers / clustering)
scikit-learn==1.8.0           # was undeclared -> CI ModuleNotFoundError on py3.12
threadpoolctl==3.6.0          # scikit-learn runtime dependency

# Search & Retrieval
rank-bm25==0.2.2

# Visualization
plotly==5.24.1                # was 5.23.2 (a nonexistent release that broke pip-audit lock resolution)

# Caching
joblib==1.4.2

# API Layer
fastapi==0.130.0              # was 0.115.6 — required for starlette>=0.49 (CVE patch)
uvicorn==0.34.0
sse-starlette==2.1.2
httpx==0.28.1

# Graph Database (optional - install neo4j to enable)
neo4j==5.21.1

# Export
xlsxwriter==3.1.9
fpdf2==2.7.0

# Security & Monitoring (Optional - for scanning)
# bandit==1.7.5          # Security linter for Python code
# safety==2.3.5          # Check for known security vulnerabilities in dependencies
# python-magic==0.4.27   # File type detection (for file upload validation)

# Indirect dependencies (pinned for consistency)
# These are included by the packages above but pinned explicitly
aiohttp==3.13.5               # was 3.11.11 — 18 GHSAs (CRLF, DoS, smuggling, etc.)
altair==5.3.0
annotated-types==0.6.0
attrs==23.2.0
blinker==1.8.2
certifi==2024.12.14
charset-normalizer==3.3.2
click==8.1.7
contourpy==1.3.3              # numpy-2.x compatible
cycler==0.12.1
decorator==5.1.1
gitdb==4.0.11
gitpython==3.1.50             # was 3.1.42 — 4 GHSAs (path traversal, RCE, command injection)
idna==3.10                    # was 3.7 — bumped for safety; no known direct vulns at 3.7 but precaution
jinja2==3.1.6                 # was 3.1.3 — 4 GHSAs (sandbox breakout, attr injection)
kiwisolver==1.4.5
markdown-it-py==3.0.0
markupsafe==2.1.5
matplotlib==3.10.6            # numpy-2.x compatible
mdurl==0.1.2
protobuf==5.29.6              # was 5.27.2 — GHSA-8qvm-5x2c-j2w7 + GHSA-7gcm-g887-7qv7 (kept on 5.x for streamlit)
pyarrow==23.0.0               # was 15.0.2 — PYSEC-2024-161; numpy-2.x line
prometheus-client==0.25.0     # WS-1 P1-F5 /metrics endpoint
pydantic-core==2.46.4         # matches pydantic 2.13.4
pymdown-extensions==10.21.2   # was 10.8 — GHSA-r6h4-mm7h-8pmq ReDoS
python-multipart==0.0.27      # was 0.0.12 — 4 GHSAs (DoS, arbitrary file write)
pytz==2024.1
pyyaml==6.0.1
requests==2.33.1              # was 2.32.3 — GHSA-9hjg-9r4m-mvj7, GHSA-gc5v-m9x4-r6x2
rich==13.7.0
scipy==1.16.2                 # numpy 2.x requires scipy>=1.13
semver==3.0.2
sniffio==1.3.1
starlette==0.49.1             # was 0.41.3 — GHSA-2c2j-9gv5-cj73 + GHSA-7f5h-v6xp-fcq8 (FastAPI 0.130 supports up to <1.0)
tenacity==8.2.3
toml==0.10.2
toolz==0.12.1
typing-extensions==4.15.0     # was 4.10.0 — pydantic 2.13.x requires >=4.12.2
urllib3==2.7.0                # was 2.2.1 — 6 GHSAs (decompression, redirects, proxy auth)
watchdog==4.0.0
ydata-profiling==4.18.4       # was 4.8.2 — 3 GHSAs (XSS + 2 unsafe deserialization)
